
Microsoft Visual Studio Solution File, Format Version 12.00
# Visual Studio Version 17
VisualStudioVersion = 17.10.35013.160
MinimumVisualStudioVersion = 10.0.40219.1
Project("{2150E333-8FDC-42A3-9474-1A3956D46DE8}") = "src", "src", "{EA8A07DB-6E16-4E4E-BB1C-EC0FBEC9B561}"
EndProject
Project("{2150E333-8FDC-42A3-9474-1A3956D46DE8}") = "Solution Items", "Solution Items", "{C50DE8A9-6972-4ED9-BDFE-97E6AC49D7D2}"
	ProjectSection(SolutionItems) = preProject
		.editorconfig = .editorconfig
		.gitignore = .gitignore
	EndProjectSection
EndProject
Project("{2150E333-8FDC-42A3-9474-1A3956D46DE8}") = "Core", "Core", "{008AF900-288B-4B5F-AC95-89F584C7FDC2}"
EndProject
Project("{2150E333-8FDC-42A3-9474-1A3956D46DE8}") = "Host", "Host", "{F8A4873B-C8DE-401F-B2E0-80DA5D80A4D6}"
EndProject
Project("{2150E333-8FDC-42A3-9474-1A3956D46DE8}") = "Infrastructure", "Infrastructure", "{D4CFB5A9-5E31-49A3-B4F7-94F663958980}"
EndProject
Project("{2150E333-8FDC-42A3-9474-1A3956D46DE8}") = "Migrators", "Migrators", "{E2CA43F9-5222-4E80-920E-9B66B0B45429}"
EndProject
Project("{9A19103F-16F7-4668-BE54-9A1E7A4F7556}") = "Restia.Manager", "src\Host\Restia.Manager\Restia.Manager.csproj", "{8440CE8E-9F33-44B7-81C3-E8D08B46D207}"
EndProject
Project("{9A19103F-16F7-4668-BE54-9A1E7A4F7556}") = "Restia.Client.Infrastructure", "src\Infrastructure\Restia.Client.Infrastructure\Restia.Client.Infrastructure.csproj", "{A5F0C06E-95B7-450C-8A4A-9DA4D17828A0}"
EndProject
Project("{FAE04EC0-301F-11D3-BF4B-00C04F79EFBC}") = "Restia.WebApi", "src\Host\Restia.WebApi\Restia.WebApi.csproj", "{31151A7A-8DE0-4C01-ADAE-8E2A592C0563}"
EndProject
Global
	GlobalSection(SolutionConfigurationPlatforms) = preSolution
		Debug|Any CPU = Debug|Any CPU
		Release|Any CPU = Release|Any CPU
	EndGlobalSection
	GlobalSection(ProjectConfigurationPlatforms) = postSolution
		{8440CE8E-9F33-44B7-81C3-E8D08B46D207}.Debug|Any CPU.ActiveCfg = Debug|Any CPU
		{8440CE8E-9F33-44B7-81C3-E8D08B46D207}.Debug|Any CPU.Build.0 = Debug|Any CPU
		{8440CE8E-9F33-44B7-81C3-E8D08B46D207}.Release|Any CPU.ActiveCfg = Release|Any CPU
		{8440CE8E-9F33-44B7-81C3-E8D08B46D207}.Release|Any CPU.Build.0 = Release|Any CPU
		{A5F0C06E-95B7-450C-8A4A-9DA4D17828A0}.Debug|Any CPU.ActiveCfg = Debug|Any CPU
		{A5F0C06E-95B7-450C-8A4A-9DA4D17828A0}.Debug|Any CPU.Build.0 = Debug|Any CPU
		{A5F0C06E-95B7-450C-8A4A-9DA4D17828A0}.Release|Any CPU.ActiveCfg = Release|Any CPU
		{A5F0C06E-95B7-450C-8A4A-9DA4D17828A0}.Release|Any CPU.Build.0 = Release|Any CPU
		{31151A7A-8DE0-4C01-ADAE-8E2A592C0563}.Debug|Any CPU.ActiveCfg = Debug|Any CPU
		{31151A7A-8DE0-4C01-ADAE-8E2A592C0563}.Debug|Any CPU.Build.0 = Debug|Any CPU
		{31151A7A-8DE0-4C01-ADAE-8E2A592C0563}.Release|Any CPU.ActiveCfg = Release|Any CPU
		{31151A7A-8DE0-4C01-ADAE-8E2A592C0563}.Release|Any CPU.Build.0 = Release|Any CPU
	EndGlobalSection
	GlobalSection(SolutionProperties) = preSolution
		HideSolutionNode = FALSE
	EndGlobalSection
	GlobalSection(NestedProjects) = preSolution
		{008AF900-288B-4B5F-AC95-89F584C7FDC2} = {EA8A07DB-6E16-4E4E-BB1C-EC0FBEC9B561}
		{F8A4873B-C8DE-401F-B2E0-80DA5D80A4D6} = {EA8A07DB-6E16-4E4E-BB1C-EC0FBEC9B561}
		{D4CFB5A9-5E31-49A3-B4F7-94F663958980} = {EA8A07DB-6E16-4E4E-BB1C-EC0FBEC9B561}
		{E2CA43F9-5222-4E80-920E-9B66B0B45429} = {EA8A07DB-6E16-4E4E-BB1C-EC0FBEC9B561}
		{8440CE8E-9F33-44B7-81C3-E8D08B46D207} = {F8A4873B-C8DE-401F-B2E0-80DA5D80A4D6}
		{A5F0C06E-95B7-450C-8A4A-9DA4D17828A0} = {D4CFB5A9-5E31-49A3-B4F7-94F663958980}
		{31151A7A-8DE0-4C01-ADAE-8E2A592C0563} = {F8A4873B-C8DE-401F-B2E0-80DA5D80A4D6}
	EndGlobalSection
	GlobalSection(ExtensibilityGlobals) = postSolution
		SolutionGuid = {EBA8902F-3077-44DC-95F8-EEDFA0930180}
	EndGlobalSection
EndGlobal
